
Microsoft Visual Studio Solution File, Format Version 12.00
# Visual Studio Version 16
VisualStudioVersion = 16.0.31613.86
MinimumVisualStudioVersion = 10.0.40219.1
Project("{FAE04EC0-301F-11D3-BF4B-00C04F79EFBC}") = "WPFAutoUpdate", "WPFAutoUpdate\WPFAutoUpdate.csproj", "{D2A9837B-B9D9-4F26-AE3A-C392B4A0479E}"
EndProject
Global
	GlobalSection(SolutionConfigurationPlatforms) = preSolution
		Debug|Any CPU = Debug|Any CPU
		Release|Any CPU = Release|Any CPU
	EndGlobalSection
	GlobalSection(ProjectConfigurationPlatforms) = postSolution
		{D2A9837B-B9D9-4F26-AE3A-C392B4A0479E}.Debug|Any CPU.ActiveCfg = Debug|Any CPU
		{D2A9837B-B9D9-4F26-AE3A-C392B4A0479E}.Debug|Any CPU.Build.0 = Debug|Any CPU
		{D2A9837B-B9D9-4F26-AE3A-C392B4A0479E}.Release|Any CPU.ActiveCfg = Release|Any CPU
		{D2A9837B-B9D9-4F26-AE3A-C392B4A0479E}.Release|Any CPU.Build.0 = Release|Any CPU
	EndGlobalSection
	GlobalSection(SolutionProperties) = preSolution
		HideSolutionNode = FALSE
	EndGlobalSection
	GlobalSection(ExtensibilityGlobals) = postSolution
		SolutionGuid = {C244FAB6-6689-4C44-B116-4FC8AAA25584}
	EndGlobalSection
EndGlobal
